
Microsoft Visual Studio Solution File, Format Version 12.00
# Visual Studio 2012
Project("{F184B08F-C81C-45F6-A57F-5ABD9991F28F}") = "Sinai eIEP", "Sinai eIEP\Sinai eIEP.vbproj", "{E34DD178-E120-4C42-AE1B-FBE52B8424FF}"
EndProject
Global
	GlobalSection(TeamFoundationVersionControl) = preSolution
		SccNumberOfProjects = 2
		SccEnterpriseProvider = {4CA58AB2-18FA-4F8D-95D4-32DDF27D184C}
		SccTeamFoundationServer = https://foursapps.visualstudio.com/defaultcollection
		SccLocalPath0 = .
		SccProjectUniqueName1 = Sinai\u0020eIEP\\Sinai\u0020eIEP.vbproj
		SccProjectName1 = Sinai\u0020eIEP
		SccLocalPath1 = Sinai\u0020eIEP
	EndGlobalSection
	GlobalSection(SolutionConfigurationPlatforms) = preSolution
		Debug|Any CPU = Debug|Any CPU
		Release|Any CPU = Release|Any CPU
	EndGlobalSection
	GlobalSection(ProjectConfigurationPlatforms) = postSolution
		{E34DD178-E120-4C42-AE1B-FBE52B8424FF}.Debug|Any CPU.ActiveCfg = Debug|Any CPU
		{E34DD178-E120-4C42-AE1B-FBE52B8424FF}.Debug|Any CPU.Build.0 = Debug|Any CPU
		{E34DD178-E120-4C42-AE1B-FBE52B8424FF}.Release|Any CPU.ActiveCfg = Release|Any CPU
		{E34DD178-E120-4C42-AE1B-FBE52B8424FF}.Release|Any CPU.Build.0 = Release|Any CPU
	EndGlobalSection
	GlobalSection(SolutionProperties) = preSolution
		HideSolutionNode = FALSE
	EndGlobalSection
EndGlobal
